Microsoft Visual Studio Solution File, Format Version 12.00
# Visual Studio Version 17
VisualStudioVersion = 17.5.2.0
MinimumVisualStudioVersion = 10.0.40219.1
Project("{FAE04EC0-301F-11D3-BF4B-00C04F79EFBC}") = "04126_UnplashSelenium", "04126_UnplashSelenium.csproj", "{D141CC4C-093C-DD97-E587-1211597BE651}"
EndProject
Global
	GlobalSection(SolutionConfigurationPlatforms) = preSolution
		Debug|Any CPU = Debug|Any CPU
		Release|Any CPU = Release|Any CPU
	EndGlobalSection
	GlobalSection(ProjectConfigurationPlatforms) = postSolution
		{D141CC4C-093C-DD97-E587-1211597BE651}.Debug|Any CPU.ActiveCfg = Debug|Any CPU
		{D141CC4C-093C-DD97-E587-1211597BE651}.Debug|Any CPU.Build.0 = Debug|Any CPU
		{D141CC4C-093C-DD97-E587-1211597BE651}.Release|Any CPU.ActiveCfg = Release|Any CPU
		{D141CC4C-093C-DD97-E587-1211597BE651}.Release|Any CPU.Build.0 = Release|Any CPU
	EndGlobalSection
	GlobalSection(SolutionProperties) = preSolution
		HideSolutionNode = FALSE
	EndGlobalSection
	GlobalSection(ExtensibilityGlobals) = postSolution
		SolutionGuid = {D0C09D19-D49F-431A-BD24-71A7F1B69967}
	EndGlobalSection
EndGlobal
